
Microsoft Visual Studio Solution File, Format Version 12.00
# Visual Studio Version 17
VisualStudioVersion = 17.9.34728.123
MinimumVisualStudioVersion = 10.0.40219.1
Project("{FAE04EC0-301F-11D3-BF4B-00C04F79EFBC}") = "tracking-good-habits", "tracking-good-habits\tracking-good-habits.csproj", "{D6F784D7-7A00-450E-A4B2-5D0173EF47CF}"
EndProject
Global
	GlobalSection(SolutionConfigurationPlatforms) = preSolution
		Debug|Any CPU = Debug|Any CPU
		Release|Any CPU = Release|Any CPU
	EndGlobalSection
	GlobalSection(ProjectConfigurationPlatforms) = postSolution
		{D6F784D7-7A00-450E-A4B2-5D0173EF47CF}.Debug|Any CPU.ActiveCfg = Debug|Any CPU
		{D6F784D7-7A00-450E-A4B2-5D0173EF47CF}.Debug|Any CPU.Build.0 = Debug|Any CPU
		{D6F784D7-7A00-450E-A4B2-5D0173EF47CF}.Release|Any CPU.ActiveCfg = Release|Any CPU
		{D6F784D7-7A00-450E-A4B2-5D0173EF47CF}.Release|Any CPU.Build.0 = Release|Any CPU
	EndGlobalSection
	GlobalSection(SolutionProperties) = preSolution
		HideSolutionNode = FALSE
	EndGlobalSection
	GlobalSection(ExtensibilityGlobals) = postSolution
		SolutionGuid = {FAD943EA-2DB3-4671-A3FE-FAA64B99C1C4}
	EndGlobalSection
EndGlobal
